
Microsoft Visual Studio Solution File, Format Version 12.00
# Visual Studio Version 17
VisualStudioVersion = 17.0.31903.59
MinimumVisualStudioVersion = 10.0.40219.1
Project("{FAE04EC0-301F-11D3-BF4B-00C04F79EFBC}") = "Clean.site", "Clean.site\Clean.site.csproj", "{0FD4DD94-ED94-4ADE-97E5-F76AEB4ACB3E}"
EndProject
Global
	GlobalSection(SolutionConfigurationPlatforms) = preSolution
		Debug|Any CPU = Debug|Any CPU
		Release|Any CPU = Release|Any CPU
	EndGlobalSection
	GlobalSection(SolutionProperties) = preSolution
		HideSolutionNode = FALSE
	EndGlobalSection
	GlobalSection(ProjectConfigurationPlatforms) = postSolution
		{0FD4DD94-ED94-4ADE-97E5-F76AEB4ACB3E}.Debug|Any CPU.ActiveCfg = Debug|Any CPU
		{0FD4DD94-ED94-4ADE-97E5-F76AEB4ACB3E}.Debug|Any CPU.Build.0 = Debug|Any CPU
		{0FD4DD94-ED94-4ADE-97E5-F76AEB4ACB3E}.Release|Any CPU.ActiveCfg = Release|Any CPU
		{0FD4DD94-ED94-4ADE-97E5-F76AEB4ACB3E}.Release|Any CPU.Build.0 = Release|Any CPU
	EndGlobalSection
EndGlobal
